
Microsoft Visual Studio Solution File, Format Version 12.00
# Visual Studio Version 17
VisualStudioVersion = 17.13.35919.96 d17.13
MinimumVisualStudioVersion = 10.0.40219.1
Project("{FAE04EC0-301F-11D3-BF4B-00C04F79EFBC}") = "ColorsClient", "ColorsClient\ColorsClient.csproj", "{65D08A7E-027D-4AD3-8780-16E9C55077B1}"
EndProject
Global
	GlobalSection(SolutionConfigurationPlatforms) = preSolution
		Debug|Any CPU = Debug|Any CPU
		Release|Any CPU = Release|Any CPU
	EndGlobalSection
	GlobalSection(ProjectConfigurationPlatforms) = postSolution
		{65D08A7E-027D-4AD3-8780-16E9C55077B1}.Debug|Any CPU.ActiveCfg = Debug|Any CPU
		{65D08A7E-027D-4AD3-8780-16E9C55077B1}.Debug|Any CPU.Build.0 = Debug|Any CPU
		{65D08A7E-027D-4AD3-8780-16E9C55077B1}.Release|Any CPU.ActiveCfg = Release|Any CPU
		{65D08A7E-027D-4AD3-8780-16E9C55077B1}.Release|Any CPU.Build.0 = Release|Any CPU
	EndGlobalSection
	GlobalSection(SolutionProperties) = preSolution
		HideSolutionNode = FALSE
	EndGlobalSection
	GlobalSection(ExtensibilityGlobals) = postSolution
		SolutionGuid = {01439E4A-43EF-446B-9A88-CABFC1FBD661}
	EndGlobalSection
EndGlobal
